Microsoft Visual Studio Solution File, Format Version 12.00
# Visual Studio Version 17
VisualStudioVersion = 17.5.2.0
MinimumVisualStudioVersion = 10.0.40219.1
Project("{FAE04EC0-301F-11D3-BF4B-00C04F79EFBC}") = "LeoDRSEmailParseAPI", "LeoDRSEmailParseAPI.csproj", "{3AD7BE1B-4E14-D7D0-EE57-0DF8A4C3E717}"
EndProject
Global
	GlobalSection(SolutionConfigurationPlatforms) = preSolution
		Debug|Any CPU = Debug|Any CPU
		Release|Any CPU = Release|Any CPU
	EndGlobalSection
	GlobalSection(ProjectConfigurationPlatforms) = postSolution
		{3AD7BE1B-4E14-D7D0-EE57-0DF8A4C3E717}.Debug|Any CPU.ActiveCfg = Debug|Any CPU
		{3AD7BE1B-4E14-D7D0-EE57-0DF8A4C3E717}.Debug|Any CPU.Build.0 = Debug|Any CPU
		{3AD7BE1B-4E14-D7D0-EE57-0DF8A4C3E717}.Release|Any CPU.ActiveCfg = Release|Any CPU
		{3AD7BE1B-4E14-D7D0-EE57-0DF8A4C3E717}.Release|Any CPU.Build.0 = Release|Any CPU
	EndGlobalSection
	GlobalSection(SolutionProperties) = preSolution
		HideSolutionNode = FALSE
	EndGlobalSection
	GlobalSection(ExtensibilityGlobals) = postSolution
		SolutionGuid = {94E24700-0C4F-4558-BCE8-D16EAA639625}
	EndGlobalSection
EndGlobal
